// !$*UTF8*$!
{
	archiveVersion = 1;
	classes = {
	};
	objectVersion = 55;
	objects = {

/* Begin PBXBuildFile section */
		3B3629BD273E4D7C00A05BD0 /* JFChannelLable.m in Sources */ = {isa = PBXBuildFile; fileRef = 3B3629BC273E4D7C00A05BD0 /* JFChannelLable.m */; };
		3B3629C0273E536F00A05BD0 /* JFHomeCell.m in Sources */ = {isa = PBXBuildFile; fileRef = 3B3629BF273E536F00A05BD0 /* JFHomeCell.m */; };
		3BC2FE01273C0B760058FACF /* JFNews.m in Sources */ = {isa = PBXBuildFile; fileRef = 3BC2FE00273C0B760058FACF /* JFNews.m */; };
		3BC2FE04273C0DBB0058FACF /* JFNewsController.m in Sources */ = {isa = PBXBuildFile; fileRef = 3BC2FE03273C0DBA0058FACF /* JFNewsController.m */; };
		3BC2FE07273C12470058FACF /* JFNewsCell.m in Sources */ = {isa = PBXBuildFile; fileRef = 3BC2FE06273C12470058FACF /* JFNewsCell.m */; };
		3BC2FE09273CAACD0058FACF /* Home.storyboard in Resources */ = {isa = PBXBuildFile; fileRef = 3BC2FE08273CAACD0058FACF /* Home.storyboard */; };
		3BC2FE0B273D61660058FACF /* topic_news.json in Resources */ = {isa = PBXBuildFile; fileRef = 3BC2FE0A273D61660058FACF /* topic_news.json */; };
		3BC2FE0F273D650F0058FACF /* JFChannel.m in Sources */ = {isa = PBXBuildFile; fileRef = 3BC2FE0E273D650F0058FACF /* JFChannel.m */; };
		3BC2FE12273D66370058FACF /* JFHomeController.m in Sources */ = {isa = PBXBuildFile; fileRef = 3BC2FE11273D66370058FACF /* JFHomeController.m */; };
		3BCA9D26273A7168008E7F84 /* AppDelegate.m in Sources */ = {isa = PBXBuildFile; fileRef = 3BCA9D25273A7168008E7F84 /* AppDelegate.m */; };
		3BCA9D29273A7168008E7F84 /* SceneDelegate.m in Sources */ = {isa = PBXBuildFile; fileRef = 3BCA9D28273A7168008E7F84 /* SceneDelegate.m */; };
		3BCA9D31273A716A008E7F84 /* Assets.xcassets in Resources */ = {isa = PBXBuildFile; fileRef = 3BCA9D30273A716A008E7F84 /* Assets.xcassets */; };
		3BCA9D34273A716A008E7F84 /* LaunchScreen.storyboard in Resources */ = {isa = PBXBuildFile; fileRef = 3BCA9D32273A716A008E7F84 /* LaunchScreen.storyboard */; };
		3BCA9D37273A716A008E7F84 /* main.m in Sources */ = {isa = PBXBuildFile; fileRef = 3BCA9D36273A716A008E7F84 /* main.m */; };
		3BCA9D41273A7894008E7F84 /* JFNetworkTools.m in Sources */ = {isa = PBXBuildFile; fileRef = 3BCA9D40273A7894008E7F84 /* JFNetworkTools.m */; };
		3BCA9D45273A9A98008E7F84 /* JFHeadLine.m in Sources */ = {isa = PBXBuildFile; fileRef = 3BCA9D44273A9A98008E7F84 /* JFHeadLine.m */; };
		3BCA9D47273AA4DA008E7F84 /* News.storyboard in Resources */ = {isa = PBXBuildFile; fileRef = 3BCA9D46273AA4DA008E7F84 /* News.storyboard */; };
		3BCA9D4A273AA4FF008E7F84 /* JFImageLoopConrollerCollectionViewController.m in Sources */ = {isa = PBXBuildFile; fileRef = 3BCA9D49273AA4FF008E7F84 /* JFImageLoopConrollerCollectionViewController.m */; };
		3BCA9D4D273ABCBA008E7F84 /* JFHeadLineCell.m in Sources */ = {isa = PBXBuildFile; fileRef = 3BCA9D4C273ABCBA008E7F84 /* JFHeadLineCell.m */; };
		62366F37B2B73FAC836D5483 /* libPods-day7网易新闻.a in Frameworks */ = {isa = PBXBuildFile; fileRef = D77947DA7162097A4967603C /* libPods-day7网易新闻.a */; };
/* End PBXBuildFile section */

/* Begin PBXFileReference section */
		3B3629BB273E4D7C00A05BD0 /* JFChannelLable.h */ = {isa = PBXFileReference; lastKnownFileType = sourcecode.c.h; path = JFChannelLable.h; sourceTree = "<group>"; };
		3B3629BC273E4D7C00A05BD0 /* JFChannelLable.m */ = {isa = PBXFileReference; lastKnownFileType = sourcecode.c.objc; path = JFChannelLable.m; sourceTree = "<group>"; };
		3B3629BE273E536F00A05BD0 /* JFHomeCell.h */ = {isa = PBXFileReference; lastKnownFileType = sourcecode.c.h; path = JFHomeCell.h; sourceTree = "<group>"; };
		3B3629BF273E536F00A05BD0 /* JFHomeCell.m */ = {isa = PBXFileReference; lastKnownFileType = sourcecode.c.objc; path = JFHomeCell.m; sourceTree = "<group>"; };
		3BC2FDFF273C0B760058FACF /* JFNews.h */ = {isa = PBXFileReference; lastKnownFileType = sourcecode.c.h; path = JFNews.h; sourceTree = "<group>"; };
		3BC2FE00273C0B760058FACF /* JFNews.m */ = {isa = PBXFileReference; lastKnownFileType = sourcecode.c.objc; path = JFNews.m; sourceTree = "<group>"; };
		3BC2FE02273C0DBA0058FACF /* JFNewsController.h */ = {isa = PBXFileReference; lastKnownFileType = sourcecode.c.h; path = JFNewsController.h; sourceTree = "<group>"; };
		3BC2FE03273C0DBA0058FACF /* JFNewsController.m */ = {isa = PBXFileReference; lastKnownFileType = sourcecode.c.objc; path = JFNewsController.m; sourceTree = "<group>"; };
		3BC2FE05273C12470058FACF /* JFNewsCell.h */ = {isa = PBXFileReference; lastKnownFileType = sourcecode.c.h; path = JFNewsCell.h; sourceTree = "<group>"; };
		3BC2FE06273C12470058FACF /* JFNewsCell.m */ = {isa = PBXFileReference; lastKnownFileType = sourcecode.c.objc; path = JFNewsCell.m; sourceTree = "<group>"; };
		3BC2FE08273CAACD0058FACF /* Home.storyboard */ = {isa = PBXFileReference; lastKnownFileType = file.storyboard; path = Home.storyboard; sourceTree = "<group>"; };
		3BC2FE0A273D61660058FACF /* topic_news.json */ = {isa = PBXFileReference; fileEncoding = 4; lastKnownFileType = text.json; path = topic_news.json; sourceTree = "<group>"; };
		3BC2FE0D273D650F0058FACF /* JFChannel.h */ = {isa = PBXFileReference; lastKnownFileType = sourcecode.c.h; path = JFChannel.h; sourceTree = "<group>"; };
		3BC2FE0E273D650F0058FACF /* JFChannel.m */ = {isa = PBXFileReference; lastKnownFileType = sourcecode.c.objc; path = JFChannel.m; sourceTree = "<group>"; };
		3BC2FE10273D66370058FACF /* JFHomeController.h */ = {isa = PBXFileReference; lastKnownFileType = sourcecode.c.h; path = JFHomeController.h; sourceTree = "<group>"; };
		3BC2FE11273D66370058FACF /* JFHomeController.m */ = {isa = PBXFileReference; lastKnownFileType = sourcecode.c.objc; path = JFHomeController.m; sourceTree = "<group>"; };
		3BCA9D21273A7168008E7F84 /* day7网易新闻.app */ = {isa = PBXFileReference; explicitFileType = wrapper.application; includeInIndex = 0; path = "day7网易新闻.app"; sourceTree = BUILT_PRODUCTS_DIR; };
		3BCA9D24273A7168008E7F84 /* AppDelegate.h */ = {isa = PBXFileReference; lastKnownFileType = sourcecode.c.h; path = AppDelegate.h; sourceTree = "<group>"; };
		3BCA9D25273A7168008E7F84 /* AppDelegate.m */ = {isa = PBXFileReference; lastKnownFileType = sourcecode.c.objc; path = AppDelegate.m; sourceTree = "<group>"; };
		3BCA9D27273A7168008E7F84 /* SceneDelegate.h */ = {isa = PBXFileReference; lastKnownFileType = sourcecode.c.h; path = SceneDelegate.h; sourceTree = "<group>"; };
		3BCA9D28273A7168008E7F84 /* SceneDelegate.m */ = {isa = PBXFileReference; lastKnownFileType = sourcecode.c.objc; path = SceneDelegate.m; sourceTree = "<group>"; };
		3BCA9D30273A716A008E7F84 /* Assets.xcassets */ = {isa = PBXFileReference; lastKnownFileType = folder.assetcatalog; path = Assets.xcassets; sourceTree = "<group>"; };
		3BCA9D33273A716A008E7F84 /* Base */ = {isa = PBXFileReference; lastKnownFileType = file.storyboard; name = Base; path = Base.lproj/LaunchScreen.storyboard; sourceTree = "<group>"; };
		3BCA9D35273A716A008E7F84 /* Info.plist */ = {isa = PBXFileReference; lastKnownFileType = text.plist.xml; path = Info.plist; sourceTree = "<group>"; };
		3BCA9D36273A716A008E7F84 /* main.m */ = {isa = PBXFileReference; lastKnownFileType = sourcecode.c.objc; path = main.m; sourceTree = "<group>"; };
		3BCA9D3D273A751A008E7F84 /* 笔记.md */ = {isa = PBXFileReference; lastKnownFileType = net.daringfireball.markdown; path = "笔记.md"; sourceTree = "<group>"; };
		3BCA9D3F273A7894008E7F84 /* JFNetworkTools.h */ = {isa = PBXFileReference; lastKnownFileType = sourcecode.c.h; path = JFNetworkTools.h; sourceTree = "<group>"; };
		3BCA9D40273A7894008E7F84 /* JFNetworkTools.m */ = {isa = PBXFileReference; lastKnownFileType = sourcecode.c.objc; path = JFNetworkTools.m; sourceTree = "<group>"; };
		3BCA9D43273A9A98008E7F84 /* JFHeadLine.h */ = {isa = PBXFileReference; lastKnownFileType = sourcecode.c.h; path = JFHeadLine.h; sourceTree = "<group>"; };
		3BCA9D44273A9A98008E7F84 /* JFHeadLine.m */ = {isa = PBXFileReference; lastKnownFileType = sourcecode.c.objc; path = JFHeadLine.m; sourceTree = "<group>"; };
		3BCA9D46273AA4DA008E7F84 /* News.storyboard */ = {isa = PBXFileReference; lastKnownFileType = file.storyboard; path = News.storyboard; sourceTree = "<group>"; };
		3BCA9D48273AA4FF008E7F84 /* JFImageLoopConrollerCollectionViewController.h */ = {isa = PBXFileReference; lastKnownFileType = sourcecode.c.h; path = JFImageLoopConrollerCollectionViewController.h; sourceTree = "<group>"; };
		3BCA9D49273AA4FF008E7F84 /* JFImageLoopConrollerCollectionViewController.m */ = {isa = PBXFileReference; lastKnownFileType = sourcecode.c.objc; path = JFImageLoopConrollerCollectionViewController.m; sourceTree = "<group>"; };
		3BCA9D4B273ABCB9008E7F84 /* JFHeadLineCell.h */ = {isa = PBXFileReference; lastKnownFileType = sourcecode.c.h; path = JFHeadLineCell.h; sourceTree = "<group>"; };
		3BCA9D4C273ABCBA008E7F84 /* JFHeadLineCell.m */ = {isa = PBXFileReference; lastKnownFileType = sourcecode.c.objc; path = JFHeadLineCell.m; sourceTree = "<group>"; };
		8D98ACAB4F060D1E6CC58C5D /* Pods-day7网易新闻.debug.xcconfig */ = {isa = PBXFileReference; includeInIndex = 1; lastKnownFileType = text.xcconfig; name = "Pods-day7网易新闻.debug.xcconfig"; path = "Target Support Files/Pods-day7网易新闻/Pods-day7网易新闻.debug.xcconfig"; sourceTree = "<group>"; };
		C3AC995BD2010081E469221E /* Pods-day7网易新闻.release.xcconfig */ = {isa = PBXFileReference; includeInIndex = 1; lastKnownFileType = text.xcconfig; name = "Pods-day7网易新闻.release.xcconfig"; path = "Target Support Files/Pods-day7网易新闻/Pods-day7网易新闻.release.xcconfig"; sourceTree = "<group>"; };
		D77947DA7162097A4967603C /* libPods-day7网易新闻.a */ = {isa = PBXFileReference; explicitFileType = archive.ar; includeInIndex = 0; path = "libPods-day7网易新闻.a"; sourceTree = BUILT_PRODUCTS_DIR; };
/* End PBXFileReference section */

/* Begin PBXFrameworksBuildPhase section */
		3BCA9D1E273A7168008E7F84 /* Frameworks */ = {
			isa = PBXFrameworksBuildPhase;
			buildActionMask = 2147483647;
			files = (
				62366F37B2B73FAC836D5483 /* libPods-day7网易新闻.a in Frameworks */,
			);
			runOnlyForDeploymentPostprocessing = 0;
		};
/* End PBXFrameworksBuildPhase section */

/* Begin PBXGroup section */
		120CE0F550C3E0ECE67C1B45 /* Frameworks */ = {
			isa = PBXGroup;
			children = (
				D77947DA7162097A4967603C /* libPods-day7网易新闻.a */,
			);
			name = Frameworks;
			sourceTree = "<group>";
		};
		174FB1A1B590280187F03BEF /* Pods */ = {
			isa = PBXGroup;
			children = (
				8D98ACAB4F060D1E6CC58C5D /* Pods-day7网易新闻.debug.xcconfig */,
				C3AC995BD2010081E469221E /* Pods-day7网易新闻.release.xcconfig */,
			);
			path = Pods;
			sourceTree = "<group>";
		};
		3BC2FDFE273C0B550058FACF /* News */ = {
			isa = PBXGroup;
			children = (
				3BC2FDFF273C0B760058FACF /* JFNews.h */,
				3BC2FE00273C0B760058FACF /* JFNews.m */,
				3BC2FE02273C0DBA0058FACF /* JFNewsController.h */,
				3BC2FE03273C0DBA0058FACF /* JFNewsController.m */,
				3BC2FE05273C12470058FACF /* JFNewsCell.h */,
				3BC2FE06273C12470058FACF /* JFNewsCell.m */,
			);
			name = News;
			sourceTree = "<group>";
		};
		3BC2FE0C273D64B80058FACF /* Home */ = {
			isa = PBXGroup;
			children = (
				3BC2FE08273CAACD0058FACF /* Home.storyboard */,
				3BC2FE0A273D61660058FACF /* topic_news.json */,
				3BC2FE0D273D650F0058FACF /* JFChannel.h */,
				3BC2FE0E273D650F0058FACF /* JFChannel.m */,
				3BC2FE10273D66370058FACF /* JFHomeController.h */,
				3BC2FE11273D66370058FACF /* JFHomeController.m */,
				3B3629BB273E4D7C00A05BD0 /* JFChannelLable.h */,
				3B3629BC273E4D7C00A05BD0 /* JFChannelLable.m */,
				3B3629BE273E536F00A05BD0 /* JFHomeCell.h */,
				3B3629BF273E536F00A05BD0 /* JFHomeCell.m */,
			);
			name = Home;
			sourceTree = "<group>";
		};
		3BCA9D18273A7168008E7F84 = {
			isa = PBXGroup;
			children = (
				3BCA9D3D273A751A008E7F84 /* 笔记.md */,
				3BCA9D23273A7168008E7F84 /* day7网易新闻 */,
				3BCA9D22273A7168008E7F84 /* Products */,
				174FB1A1B590280187F03BEF /* Pods */,
				120CE0F550C3E0ECE67C1B45 /* Frameworks */,
			);
			sourceTree = "<group>";
		};
		3BCA9D22273A7168008E7F84 /* Products */ = {
			isa = PBXGroup;
			children = (
				3BCA9D21273A7168008E7F84 /* day7网易新闻.app */,
			);
			name = Products;
			sourceTree = "<group>";
		};
		3BCA9D23273A7168008E7F84 /* day7网易新闻 */ = {
			isa = PBXGroup;
			children = (
				3BC2FE0C273D64B80058FACF /* Home */,
				3BCA9D46273AA4DA008E7F84 /* News.storyboard */,
				3BC2FDFE273C0B550058FACF /* News */,
				3BCA9D42273A9A76008E7F84 /* ImageLoop */,
				3BCA9D3E273A7831008E7F84 /* JFNetworkTools */,
				3BCA9D24273A7168008E7F84 /* AppDelegate.h */,
				3BCA9D25273A7168008E7F84 /* AppDelegate.m */,
				3BCA9D27273A7168008E7F84 /* SceneDelegate.h */,
				3BCA9D28273A7168008E7F84 /* SceneDelegate.m */,
				3BCA9D30273A716A008E7F84 /* Assets.xcassets */,
				3BCA9D32273A716A008E7F84 /* LaunchScreen.storyboard */,
				3BCA9D35273A716A008E7F84 /* Info.plist */,
				3BCA9D36273A716A008E7F84 /* main.m */,
			);
			path = "day7网易新闻";
			sourceTree = "<group>";
		};
		3BCA9D3E273A7831008E7F84 /* JFNetworkTools */ = {
			isa = PBXGroup;
			children = (
				3BCA9D3F273A7894008E7F84 /* JFNetworkTools.h */,
				3BCA9D40273A7894008E7F84 /* JFNetworkTools.m */,
			);
			name = JFNetworkTools;
			sourceTree = "<group>";
		};
		3BCA9D42273A9A76008E7F84 /* ImageLoop */ = {
			isa = PBXGroup;
			children = (
				3BCA9D43273A9A98008E7F84 /* JFHeadLine.h */,
				3BCA9D44273A9A98008E7F84 /* JFHeadLine.m */,
				3BCA9D48273AA4FF008E7F84 /* JFImageLoopConrollerCollectionViewController.h */,
				3BCA9D49273AA4FF008E7F84 /* JFImageLoopConrollerCollectionViewController.m */,
				3BCA9D4B273ABCB9008E7F84 /* JFHeadLineCell.h */,
				3BCA9D4C273ABCBA008E7F84 /* JFHeadLineCell.m */,
			);
			name = ImageLoop;
			sourceTree = "<group>";
		};
/* End PBXGroup section */

/* Begin PBXNativeTarget section */
		3BCA9D20273A7168008E7F84 /* day7网易新闻 */ = {
			isa = PBXNativeTarget;
			buildConfigurationList = 3BCA9D3A273A716A008E7F84 /* Build configuration list for PBXNativeTarget "day7网易新闻" */;
			buildPhases = (
				603EFBB1B247E184F1179F9B /* [CP] Check Pods Manifest.lock */,
				3BCA9D1D273A7168008E7F84 /* Sources */,
				3BCA9D1E273A7168008E7F84 /* Frameworks */,
				3BCA9D1F273A7168008E7F84 /* Resources */,
			);
			buildRules = (
			);
			dependencies = (
			);
			name = "day7网易新闻";
			productName = "day7网易新闻";
			productReference = 3BCA9D21273A7168008E7F84 /* day7网易新闻.app */;
			productType = "com.apple.product-type.application";
		};
/* End PBXNativeTarget section */

/* Begin PBXProject section */
		3BCA9D19273A7168008E7F84 /* Project object */ = {
			isa = PBXProject;
			attributes = {
				BuildIndependentTargetsInParallel = 1;
				CLASSPREFIX = JF;
				LastUpgradeCheck = 1300;
				TargetAttributes = {
					3BCA9D20273A7168008E7F84 = {
						CreatedOnToolsVersion = 13.0;
					};
				};
			};
			buildConfigurationList = 3BCA9D1C273A7168008E7F84 /* Build configuration list for PBXProject "day7网易新闻" */;
			compatibilityVersion = "Xcode 13.0";
			developmentRegion = en;
			hasScannedForEncodings = 0;
			knownRegions = (
				en,
				Base,
			);
			mainGroup = 3BCA9D18273A7168008E7F84;
			productRefGroup = 3BCA9D22273A7168008E7F84 /* Products */;
			projectDirPath = "";
			projectRoot = "";
			targets = (
				3BCA9D20273A7168008E7F84 /* day7网易新闻 */,
			);
		};
/* End PBXProject section */

/* Begin PBXResourcesBuildPhase section */
		3BCA9D1F273A7168008E7F84 /* Resources */ = {
			isa = PBXResourcesBuildPhase;
			buildActionMask = 2147483647;
			files = (
				3BCA9D34273A716A008E7F84 /* LaunchScreen.storyboard in Resources */,
				3BCA9D47273AA4DA008E7F84 /* News.storyboard in Resources */,
				3BCA9D31273A716A008E7F84 /* Assets.xcassets in Resources */,
				3BC2FE0B273D61660058FACF /* topic_news.json in Resources */,
				3BC2FE09273CAACD0058FACF /* Home.storyboard in Resources */,
			);
			runOnlyForDeploymentPostprocessing = 0;
		};
/* End PBXResourcesBuildPhase section */

/* Begin PBXShellScriptBuildPhase section */
		603EFBB1B247E184F1179F9B /* [CP] Check Pods Manifest.lock */ = {
			isa = PBXShellScriptBuildPhase;
			buildActionMask = 2147483647;
			files = (
			);
			inputFileListPaths = (
			);
			inputPaths = (
				"${PODS_PODFILE_DIR_PATH}/Podfile.lock",
				"${PODS_ROOT}/Manifest.lock",
			);
			name = "[CP] Check Pods Manifest.lock";
			outputFileListPaths = (
			);
			outputPaths = (
				"$(DERIVED_FILE_DIR)/Pods-day7网易新闻-checkManifestLockResult.txt",
			);
			runOnlyForDeploymentPostprocessing = 0;
			shellPath = /bin/sh;
			shellScript = "diff \"${PODS_PODFILE_DIR_PATH}/Podfile.lock\" \"${PODS_ROOT}/Manifest.lock\" > /dev/null\nif [ $? != 0 ] ; then\n    # print error to STDERR\n    echo \"error: The sandbox is not in sync with the Podfile.lock. Run 'pod install' or update your CocoaPods installation.\" >&2\n    exit 1\nfi\n# This output is used by Xcode 'outputs' to avoid re-running this script phase.\necho \"SUCCESS\" > \"${SCRIPT_OUTPUT_FILE_0}\"\n";
			showEnvVarsInLog = 0;
		};
/* End PBXShellScriptBuildPhase section */

/* Begin PBXSourcesBuildPhase section */
		3BCA9D1D273A7168008E7F84 /* Sources */ = {
			isa = PBXSourcesBuildPhase;
			buildActionMask = 2147483647;
			files = (
				3B3629C0273E536F00A05BD0 /* JFHomeCell.m in Sources */,
				3BC2FE01273C0B760058FACF /* JFNews.m in Sources */,
				3BCA9D45273A9A98008E7F84 /* JFHeadLine.m in Sources */,
				3BCA9D4D273ABCBA008E7F84 /* JFHeadLineCell.m in Sources */,
				3B3629BD273E4D7C00A05BD0 /* JFChannelLable.m in Sources */,
				3BCA9D26273A7168008E7F84 /* AppDelegate.m in Sources */,
				3BC2FE04273C0DBB0058FACF /* JFNewsController.m in Sources */,
				3BCA9D41273A7894008E7F84 /* JFNetworkTools.m in Sources */,
				3BC2FE12273D66370058FACF /* JFHomeController.m in Sources */,
				3BC2FE07273C12470058FACF /* JFNewsCell.m in Sources */,
				3BCA9D4A273AA4FF008E7F84 /* JFImageLoopConrollerCollectionViewController.m in Sources */,
				3BCA9D37273A716A008E7F84 /* main.m in Sources */,
				3BC2FE0F273D650F0058FACF /* JFChannel.m in Sources */,
				3BCA9D29273A7168008E7F84 /* SceneDelegate.m in Sources */,
			);
			runOnlyForDeploymentPostprocessing = 0;
		};
/* End PBXSourcesBuildPhase section */

/* Begin PBXVariantGroup section */
		3BCA9D32273A716A008E7F84 /* LaunchScreen.storyboard */ = {
			isa = PBXVariantGroup;
			children = (
				3BCA9D33273A716A008E7F84 /* Base */,
			);
			name = LaunchScreen.storyboard;
			sourceTree = "<group>";
		};
/* End PBXVariantGroup section */

/* Begin XCBuildConfiguration section */
		3BCA9D38273A716A008E7F84 /* Debug */ = {
			isa = XCBuildConfiguration;
			buildSettings = {
				ALWAYS_SEARCH_USER_PATHS = NO;
				CLANG_ANALYZER_NONNULL = YES;
				CLANG_ANALYZER_NUMBER_OBJECT_CONVERSION = YES_AGGRESSIVE;
				CLANG_CXX_LANGUAGE_STANDARD = "gnu++17";
				CLANG_CXX_LIBRARY = "libc++";
				CLANG_ENABLE_MODULES = YES;
				CLANG_ENABLE_OBJC_ARC = YES;
				CLANG_ENABLE_OBJC_WEAK = YES;
				CLANG_WARN_BLOCK_CAPTURE_AUTORELEASING = YES;
				CLANG_WARN_BOOL_CONVERSION = YES;
				CLANG_WARN_COMMA = YES;
				CLANG_WARN_CONSTANT_CONVERSION = YES;
				CLANG_WARN_DEPRECATED_OBJC_IMPLEMENTATIONS = YES;
				CLANG_WARN_DIRECT_OBJC_ISA_USAGE = YES_ERROR;
				CLANG_WARN_DOCUMENTATION_COMMENTS = YES;
				CLANG_WARN_EMPTY_BODY = YES;
				CLANG_WARN_ENUM_CONVERSION = YES;
				CLANG_WARN_INFINITE_RECURSION = YES;
				CLANG_WARN_INT_CONVERSION = YES;
				CLANG_WARN_NON_LITERAL_NULL_CONVERSION = YES;
				CLANG_WARN_OBJC_IMPLICIT_RETAIN_SELF = YES;
				CLANG_WARN_OBJC_LITERAL_CONVERSION = YES;
				CLANG_WARN_OBJC_ROOT_CLASS = YES_ERROR;
				CLANG_WARN_QUOTED_INCLUDE_IN_FRAMEWORK_HEADER = YES;
				CLANG_WARN_RANGE_LOOP_ANALYSIS = YES;
				CLANG_WARN_STRICT_PROTOTYPES = YES;
				CLANG_WARN_SUSPICIOUS_MOVE = YES;
				CLANG_WARN_UNGUARDED_AVAILABILITY = YES_AGGRESSIVE;
				CLANG_WARN_UNREACHABLE_CODE = YES;
				CLANG_WARN__DUPLICATE_METHOD_MATCH = YES;
				COPY_PHASE_STRIP = NO;
				DEBUG_INFORMATION_FORMAT = dwarf;
				ENABLE_STRICT_OBJC_MSGSEND = YES;
				ENABLE_TESTABILITY = YES;
				GCC_C_LANGUAGE_STANDARD = gnu11;
				GCC_DYNAMIC_NO_PIC = NO;
				GCC_NO_COMMON_BLOCKS = YES;
				GCC_OPTIMIZATION_LEVEL = 0;
				GCC_PREPROCESSOR_DEFINITIONS = (
					"DEBUG=1",
					"$(inherited)",
				);
				GCC_WARN_64_TO_32_BIT_CONVERSION = YES;
				GCC_WARN_ABOUT_RETURN_TYPE = YES_ERROR;
				GCC_WARN_UNDECLARED_SELECTOR = YES;
				GCC_WARN_UNINITIALIZED_AUTOS = YES_AGGRESSIVE;
				GCC_WARN_UNUSED_FUNCTION = YES;
				GCC_WARN_UNUSED_VARIABLE = YES;
				IPHONEOS_DEPLOYMENT_TARGET = 15.0;
				MTL_ENABLE_DEBUG_INFO = INCLUDE_SOURCE;
				MTL_FAST_MATH = YES;
				ONLY_ACTIVE_ARCH = YES;
				SDKROOT = iphoneos;
			};
			name = Debug;
		};
		3BCA9D39273A716A008E7F84 /* Release */ = {
			isa = XCBuildConfiguration;
			buildSettings = {
				ALWAYS_SEARCH_USER_PATHS = NO;
				CLANG_ANALYZER_NONNULL = YES;
				CLANG_ANALYZER_NUMBER_OBJECT_CONVERSION = YES_AGGRESSIVE;
				CLANG_CXX_LANGUAGE_STANDARD = "gnu++17";
				CLANG_CXX_LIBRARY = "libc++";
				CLANG_ENABLE_MODULES = YES;
				CLANG_ENABLE_OBJC_ARC = YES;
				CLANG_ENABLE_OBJC_WEAK = YES;
				CLANG_WARN_BLOCK_CAPTURE_AUTORELEASING = YES;
				CLANG_WARN_BOOL_CONVERSION = YES;
				CLANG_WARN_COMMA = YES;
				CLANG_WARN_CONSTANT_CONVERSION = YES;
				CLANG_WARN_DEPRECATED_OBJC_IMPLEMENTATIONS = YES;
				CLANG_WARN_DIRECT_OBJC_ISA_USAGE = YES_ERROR;
				CLANG_WARN_DOCUMENTATION_COMMENTS = YES;
				CLANG_WARN_EMPTY_BODY = YES;
				CLANG_WARN_ENUM_CONVERSION = YES;
				CLANG_WARN_INFINITE_RECURSION = YES;
				CLANG_WARN_INT_CONVERSION = YES;
				CLANG_WARN_NON_LITERAL_NULL_CONVERSION = YES;
				CLANG_WARN_OBJC_IMPLICIT_RETAIN_SELF = YES;
				CLANG_WARN_OBJC_LITERAL_CONVERSION = YES;
				CLANG_WARN_OBJC_ROOT_CLASS = YES_ERROR;
				CLANG_WARN_QUOTED_INCLUDE_IN_FRAMEWORK_HEADER = YES;
				CLANG_WARN_RANGE_LOOP_ANALYSIS = YES;
				CLANG_WARN_STRICT_PROTOTYPES = YES;
				CLANG_WARN_SUSPICIOUS_MOVE = YES;
				CLANG_WARN_UNGUARDED_AVAILABILITY = YES_AGGRESSIVE;
				CLANG_WARN_UNREACHABLE_CODE = YES;
				CLANG_WARN__DUPLICATE_METHOD_MATCH = YES;
				COPY_PHASE_STRIP = NO;
				DEBUG_INFORMATION_FORMAT = "dwarf-with-dsym";
				ENABLE_NS_ASSERTIONS = NO;
				ENABLE_STRICT_OBJC_MSGSEND = YES;
				GCC_C_LANGUAGE_STANDARD = gnu11;
				GCC_NO_COMMON_BLOCKS = YES;
				GCC_WARN_64_TO_32_BIT_CONVERSION = YES;
				GCC_WARN_ABOUT_RETURN_TYPE = YES_ERROR;
				GCC_WARN_UNDECLARED_SELECTOR = YES;
				GCC_WARN_UNINITIALIZED_AUTOS = YES_AGGRESSIVE;
				GCC_WARN_UNUSED_FUNCTION = YES;
				GCC_WARN_UNUSED_VARIABLE = YES;
				IPHONEOS_DEPLOYMENT_TARGET = 15.0;
				MTL_ENABLE_DEBUG_INFO = NO;
				MTL_FAST_MATH = YES;
				SDKROOT = iphoneos;
				VALIDATE_PRODUCT = YES;
			};
			name = Release;
		};
		3BCA9D3B273A716A008E7F84 /* Debug */ = {
			isa = XCBuildConfiguration;
			baseConfigurationReference = 8D98ACAB4F060D1E6CC58C5D /* Pods-day7网易新闻.debug.xcconfig */;
			buildSettings = {
				ASSETCATALOG_COMPILER_APPICON_NAME = AppIcon;
				ASSETCATALOG_COMPILER_GLOBAL_ACCENT_COLOR_NAME = AccentColor;
				CODE_SIGN_STYLE = Automatic;
				CURRENT_PROJECT_VERSION = 1;
				DEVELOPMENT_TEAM = L6839A4KRP;
				GENERATE_INFOPLIST_FILE = YES;
				INFOPLIST_FILE = "day7网易新闻/Info.plist";
				INFOPLIST_KEY_UIApplicationSupportsIndirectInputEvents = YES;
				INFOPLIST_KEY_UILaunchStoryboardName = LaunchScreen;
				INFOPLIST_KEY_UIMainStoryboardFile = Home;
				INFOPLIST_KEY_UISupportedInterfaceOrientations_iPad = "UIInterfaceOrientationPortrait UIInterfaceOrientationPortraitUpsideDown UIInterfaceOrientationLandscapeLeft UIInterfaceOrientationLandscapeRight";
				INFOPLIST_KEY_UISupportedInterfaceOrientations_iPhone = "UIInterfaceOrientationPortrait UIInterfaceOrientationLandscapeLeft UIInterfaceOrientationLandscapeRight";
				LD_RUNPATH_SEARCH_PATHS = (
					"$(inherited)",
					"@executable_path/Frameworks",
				);
				MARKETING_VERSION = 1.0;
				PRODUCT_BUNDLE_IDENTIFIER = "com.jifengzhiyu-github.www.day7----";
				PRODUCT_NAME = "$(TARGET_NAME)";
				SWIFT_EMIT_LOC_STRINGS = YES;
				TARGETED_DEVICE_FAMILY = "1,2";
			};
			name = Debug;
		};
		3BCA9D3C273A716A008E7F84 /* Release */ = {
			isa = XCBuildConfiguration;
			baseConfigurationReference = C3AC995BD2010081E469221E /* Pods-day7网易新闻.release.xcconfig */;
			buildSettings = {
				ASSETCATALOG_COMPILER_APPICON_NAME = AppIcon;
				ASSETCATALOG_COMPILER_GLOBAL_ACCENT_COLOR_NAME = AccentColor;
				CODE_SIGN_STYLE = Automatic;
				CURRENT_PROJECT_VERSION = 1;
				DEVELOPMENT_TEAM = L6839A4KRP;
				GENERATE_INFOPLIST_FILE = YES;
				INFOPLIST_FILE = "day7网易新闻/Info.plist";
				INFOPLIST_KEY_UIApplicationSupportsIndirectInputEvents = YES;
				INFOPLIST_KEY_UILaunchStoryboardName = LaunchScreen;
				INFOPLIST_KEY_UIMainStoryboardFile = Home;
				INFOPLIST_KEY_UISupportedInterfaceOrientations_iPad = "UIInterfaceOrientationPortrait UIInterfaceOrientationPortraitUpsideDown UIInterfaceOrientationLandscapeLeft UIInterfaceOrientationLandscapeRight";
				INFOPLIST_KEY_UISupportedInterfaceOrientations_iPhone = "UIInterfaceOrientationPortrait UIInterfaceOrientationLandscapeLeft UIInterfaceOrientationLandscapeRight";
				LD_RUNPATH_SEARCH_PATHS = (
					"$(inherited)",
					"@executable_path/Frameworks",
				);
				MARKETING_VERSION = 1.0;
				PRODUCT_BUNDLE_IDENTIFIER = "com.jifengzhiyu-github.www.day7----";
				PRODUCT_NAME = "$(TARGET_NAME)";
				SWIFT_EMIT_LOC_STRINGS = YES;
				TARGETED_DEVICE_FAMILY = "1,2";
			};
			name = Release;
		};
/* End XCBuildConfiguration section */

/* Begin XCConfigurationList section */
		3BCA9D1C273A7168008E7F84 /* Build configuration list for PBXProject "day7网易新闻" */ = {
			isa = XCConfigurationList;
			buildConfigurations = (
				3BCA9D38273A716A008E7F84 /* Debug */,
				3BCA9D39273A716A008E7F84 /* Release */,
			);
			defaultConfigurationIsVisible = 0;
			defaultConfigurationName = Release;
		};
		3BCA9D3A273A716A008E7F84 /* Build configuration list for PBXNativeTarget "day7网易新闻" */ = {
			isa = XCConfigurationList;
			buildConfigurations = (
				3BCA9D3B273A716A008E7F84 /* Debug */,
				3BCA9D3C273A716A008E7F84 /* Release */,
			);
			defaultConfigurationIsVisible = 0;
			defaultConfigurationName = Release;
		};
/* End XCConfigurationList section */
	};
	rootObject = 3BCA9D19273A7168008E7F84 /* Project object */;
}
