// !$*UTF8*$!
{
	archiveVersion = 1;
	classes = {
	};
	objectVersion = 55;
	objects = {

/* Begin PBXBuildFile section */
		3B860A74272CE72100478A79 /* AppDelegate.m in Sources */ = {isa = PBXBuildFile; fileRef = 3B860A73272CE72100478A79 /* AppDelegate.m */; };
		3B860A77272CE72100478A79 /* SceneDelegate.m in Sources */ = {isa = PBXBuildFile; fileRef = 3B860A76272CE72100478A79 /* SceneDelegate.m */; };
		3B860A7A272CE72100478A79 /* ViewController.m in Sources */ = {isa = PBXBuildFile; fileRef = 3B860A79272CE72100478A79 /* ViewController.m */; };
		3B860A7D272CE72100478A79 /* Main.storyboard in Resources */ = {isa = PBXBuildFile; fileRef = 3B860A7B272CE72100478A79 /* Main.storyboard */; };
		3B860A7F272CE72300478A79 /* Assets.xcassets in Resources */ = {isa = PBXBuildFile; fileRef = 3B860A7E272CE72300478A79 /* Assets.xcassets */; };
		3B860A82272CE72300478A79 /* LaunchScreen.storyboard in Resources */ = {isa = PBXBuildFile; fileRef = 3B860A80272CE72300478A79 /* LaunchScreen.storyboard */; };
		3B860A85272CE72300478A79 /* main.m in Sources */ = {isa = PBXBuildFile; fileRef = 3B860A84272CE72300478A79 /* main.m */; };
		3B860A91272CFE4000478A79 /* AppDelegate.m in Sources */ = {isa = PBXBuildFile; fileRef = 3B860A90272CFE4000478A79 /* AppDelegate.m */; };
		3B860A94272CFE4000478A79 /* SceneDelegate.m in Sources */ = {isa = PBXBuildFile; fileRef = 3B860A93272CFE4000478A79 /* SceneDelegate.m */; };
		3B860A97272CFE4000478A79 /* ViewController.m in Sources */ = {isa = PBXBuildFile; fileRef = 3B860A96272CFE4000478A79 /* ViewController.m */; };
		3B860A9A272CFE4000478A79 /* Main.storyboard in Resources */ = {isa = PBXBuildFile; fileRef = 3B860A98272CFE4000478A79 /* Main.storyboard */; };
		3B860A9C272CFE4300478A79 /* Assets.xcassets in Resources */ = {isa = PBXBuildFile; fileRef = 3B860A9B272CFE4300478A79 /* Assets.xcassets */; };
		3B860A9F272CFE4300478A79 /* LaunchScreen.storyboard in Resources */ = {isa = PBXBuildFile; fileRef = 3B860A9D272CFE4300478A79 /* LaunchScreen.storyboard */; };
		3B860AA2272CFE4300478A79 /* main.m in Sources */ = {isa = PBXBuildFile; fileRef = 3B860AA1272CFE4300478A79 /* main.m */; };
		3B860AAE272D5C7800478A79 /* AppDelegate.m in Sources */ = {isa = PBXBuildFile; fileRef = 3B860AAD272D5C7800478A79 /* AppDelegate.m */; };
		3B860AB1272D5C7800478A79 /* SceneDelegate.m in Sources */ = {isa = PBXBuildFile; fileRef = 3B860AB0272D5C7800478A79 /* SceneDelegate.m */; };
		3B860AB4272D5C7800478A79 /* ViewController.m in Sources */ = {isa = PBXBuildFile; fileRef = 3B860AB3272D5C7800478A79 /* ViewController.m */; };
		3B860AB7272D5C7800478A79 /* Main.storyboard in Resources */ = {isa = PBXBuildFile; fileRef = 3B860AB5272D5C7800478A79 /* Main.storyboard */; };
		3B860AB9272D5C7B00478A79 /* Assets.xcassets in Resources */ = {isa = PBXBuildFile; fileRef = 3B860AB8272D5C7B00478A79 /* Assets.xcassets */; };
		3B860ABC272D5C7B00478A79 /* LaunchScreen.storyboard in Resources */ = {isa = PBXBuildFile; fileRef = 3B860ABA272D5C7B00478A79 /* LaunchScreen.storyboard */; };
		3B860ABF272D5C7B00478A79 /* main.m in Sources */ = {isa = PBXBuildFile; fileRef = 3B860ABE272D5C7B00478A79 /* main.m */; };
/* End PBXBuildFile section */

/* Begin PBXFileReference section */
		3B860A4E272BDDA800478A79 /* 笔记.md */ = {isa = PBXFileReference; lastKnownFileType = net.daringfireball.markdown; path = "笔记.md"; sourceTree = "<group>"; };
		3B860A70272CE72100478A79 /* Socket创建.app */ = {isa = PBXFileReference; explicitFileType = wrapper.application; includeInIndex = 0; path = "Socket创建.app"; sourceTree = BUILT_PRODUCTS_DIR; };
		3B860A72272CE72100478A79 /* AppDelegate.h */ = {isa = PBXFileReference; lastKnownFileType = sourcecode.c.h; path = AppDelegate.h; sourceTree = "<group>"; };
		3B860A73272CE72100478A79 /* AppDelegate.m */ = {isa = PBXFileReference; lastKnownFileType = sourcecode.c.objc; path = AppDelegate.m; sourceTree = "<group>"; };
		3B860A75272CE72100478A79 /* SceneDelegate.h */ = {isa = PBXFileReference; lastKnownFileType = sourcecode.c.h; path = SceneDelegate.h; sourceTree = "<group>"; };
		3B860A76272CE72100478A79 /* SceneDelegate.m */ = {isa = PBXFileReference; lastKnownFileType = sourcecode.c.objc; path = SceneDelegate.m; sourceTree = "<group>"; };
		3B860A78272CE72100478A79 /* ViewController.h */ = {isa = PBXFileReference; lastKnownFileType = sourcecode.c.h; path = ViewController.h; sourceTree = "<group>"; };
		3B860A79272CE72100478A79 /* ViewController.m */ = {isa = PBXFileReference; lastKnownFileType = sourcecode.c.objc; path = ViewController.m; sourceTree = "<group>"; };
		3B860A7C272CE72100478A79 /* Base */ = {isa = PBXFileReference; lastKnownFileType = file.storyboard; name = Base; path = Base.lproj/Main.storyboard; sourceTree = "<group>"; };
		3B860A7E272CE72300478A79 /* Assets.xcassets */ = {isa = PBXFileReference; lastKnownFileType = folder.assetcatalog; path = Assets.xcassets; sourceTree = "<group>"; };
		3B860A81272CE72300478A79 /* Base */ = {isa = PBXFileReference; lastKnownFileType = file.storyboard; name = Base; path = Base.lproj/LaunchScreen.storyboard; sourceTree = "<group>"; };
		3B860A83272CE72300478A79 /* Info.plist */ = {isa = PBXFileReference; lastKnownFileType = text.plist.xml; path = Info.plist; sourceTree = "<group>"; };
		3B860A84272CE72300478A79 /* main.m */ = {isa = PBXFileReference; lastKnownFileType = sourcecode.c.objc; path = main.m; sourceTree = "<group>"; };
		3B860A8D272CFE4000478A79 /* 模拟聊天.app */ = {isa = PBXFileReference; explicitFileType = wrapper.application; includeInIndex = 0; path = "模拟聊天.app"; sourceTree = BUILT_PRODUCTS_DIR; };
		3B860A8F272CFE4000478A79 /* AppDelegate.h */ = {isa = PBXFileReference; lastKnownFileType = sourcecode.c.h; path = AppDelegate.h; sourceTree = "<group>"; };
		3B860A90272CFE4000478A79 /* AppDelegate.m */ = {isa = PBXFileReference; lastKnownFileType = sourcecode.c.objc; path = AppDelegate.m; sourceTree = "<group>"; };
		3B860A92272CFE4000478A79 /* SceneDelegate.h */ = {isa = PBXFileReference; lastKnownFileType = sourcecode.c.h; path = SceneDelegate.h; sourceTree = "<group>"; };
		3B860A93272CFE4000478A79 /* SceneDelegate.m */ = {isa = PBXFileReference; lastKnownFileType = sourcecode.c.objc; path = SceneDelegate.m; sourceTree = "<group>"; };
		3B860A95272CFE4000478A79 /* ViewController.h */ = {isa = PBXFileReference; lastKnownFileType = sourcecode.c.h; path = ViewController.h; sourceTree = "<group>"; };
		3B860A96272CFE4000478A79 /* ViewController.m */ = {isa = PBXFileReference; lastKnownFileType = sourcecode.c.objc; path = ViewController.m; sourceTree = "<group>"; };
		3B860A99272CFE4000478A79 /* Base */ = {isa = PBXFileReference; lastKnownFileType = file.storyboard; name = Base; path = Base.lproj/Main.storyboard; sourceTree = "<group>"; };
		3B860A9B272CFE4300478A79 /* Assets.xcassets */ = {isa = PBXFileReference; lastKnownFileType = folder.assetcatalog; path = Assets.xcassets; sourceTree = "<group>"; };
		3B860A9E272CFE4300478A79 /* Base */ = {isa = PBXFileReference; lastKnownFileType = file.storyboard; name = Base; path = Base.lproj/LaunchScreen.storyboard; sourceTree = "<group>"; };
		3B860AA0272CFE4300478A79 /* Info.plist */ = {isa = PBXFileReference; lastKnownFileType = text.plist.xml; path = Info.plist; sourceTree = "<group>"; };
		3B860AA1272CFE4300478A79 /* main.m */ = {isa = PBXFileReference; lastKnownFileType = sourcecode.c.objc; path = main.m; sourceTree = "<group>"; };
		3B860AAA272D5C7800478A79 /* socket请求百度.app */ = {isa = PBXFileReference; explicitFileType = wrapper.application; includeInIndex = 0; path = "socket请求百度.app"; sourceTree = BUILT_PRODUCTS_DIR; };
		3B860AAC272D5C7800478A79 /* AppDelegate.h */ = {isa = PBXFileReference; lastKnownFileType = sourcecode.c.h; path = AppDelegate.h; sourceTree = "<group>"; };
		3B860AAD272D5C7800478A79 /* AppDelegate.m */ = {isa = PBXFileReference; lastKnownFileType = sourcecode.c.objc; path = AppDelegate.m; sourceTree = "<group>"; };
		3B860AAF272D5C7800478A79 /* SceneDelegate.h */ = {isa = PBXFileReference; lastKnownFileType = sourcecode.c.h; path = SceneDelegate.h; sourceTree = "<group>"; };
		3B860AB0272D5C7800478A79 /* SceneDelegate.m */ = {isa = PBXFileReference; lastKnownFileType = sourcecode.c.objc; path = SceneDelegate.m; sourceTree = "<group>"; };
		3B860AB2272D5C7800478A79 /* ViewController.h */ = {isa = PBXFileReference; lastKnownFileType = sourcecode.c.h; path = ViewController.h; sourceTree = "<group>"; };
		3B860AB3272D5C7800478A79 /* ViewController.m */ = {isa = PBXFileReference; lastKnownFileType = sourcecode.c.objc; path = ViewController.m; sourceTree = "<group>"; };
		3B860AB6272D5C7800478A79 /* Base */ = {isa = PBXFileReference; lastKnownFileType = file.storyboard; name = Base; path = Base.lproj/Main.storyboard; sourceTree = "<group>"; };
		3B860AB8272D5C7B00478A79 /* Assets.xcassets */ = {isa = PBXFileReference; lastKnownFileType = folder.assetcatalog; path = Assets.xcassets; sourceTree = "<group>"; };
		3B860ABB272D5C7B00478A79 /* Base */ = {isa = PBXFileReference; lastKnownFileType = file.storyboard; name = Base; path = Base.lproj/LaunchScreen.storyboard; sourceTree = "<group>"; };
		3B860ABD272D5C7B00478A79 /* Info.plist */ = {isa = PBXFileReference; lastKnownFileType = text.plist.xml; path = Info.plist; sourceTree = "<group>"; };
		3B860ABE272D5C7B00478A79 /* main.m */ = {isa = PBXFileReference; lastKnownFileType = sourcecode.c.objc; path = main.m; sourceTree = "<group>"; };
/* End PBXFileReference section */

/* Begin PBXFrameworksBuildPhase section */
		3B860A6D272CE72100478A79 /* Frameworks */ = {
			isa = PBXFrameworksBuildPhase;
			buildActionMask = 2147483647;
			files = (
			);
			runOnlyForDeploymentPostprocessing = 0;
		};
		3B860A8A272CFE4000478A79 /* Frameworks */ = {
			isa = PBXFrameworksBuildPhase;
			buildActionMask = 2147483647;
			files = (
			);
			runOnlyForDeploymentPostprocessing = 0;
		};
		3B860AA7272D5C7800478A79 /* Frameworks */ = {
			isa = PBXFrameworksBuildPhase;
			buildActionMask = 2147483647;
			files = (
			);
			runOnlyForDeploymentPostprocessing = 0;
		};
/* End PBXFrameworksBuildPhase section */

/* Begin PBXGroup section */
		3B860A29272BDD9A00478A79 = {
			isa = PBXGroup;
			children = (
				3B860A4E272BDDA800478A79 /* 笔记.md */,
				3B860A71272CE72100478A79 /* Socket创建 */,
				3B860A8E272CFE4000478A79 /* 模拟聊天 */,
				3B860AAB272D5C7800478A79 /* socket请求百度 */,
				3B860A33272BDD9A00478A79 /* Products */,
			);
			sourceTree = "<group>";
		};
		3B860A33272BDD9A00478A79 /* Products */ = {
			isa = PBXGroup;
			children = (
				3B860A70272CE72100478A79 /* Socket创建.app */,
				3B860A8D272CFE4000478A79 /* 模拟聊天.app */,
				3B860AAA272D5C7800478A79 /* socket请求百度.app */,
			);
			name = Products;
			sourceTree = "<group>";
		};
		3B860A71272CE72100478A79 /* Socket创建 */ = {
			isa = PBXGroup;
			children = (
				3B860A72272CE72100478A79 /* AppDelegate.h */,
				3B860A73272CE72100478A79 /* AppDelegate.m */,
				3B860A75272CE72100478A79 /* SceneDelegate.h */,
				3B860A76272CE72100478A79 /* SceneDelegate.m */,
				3B860A78272CE72100478A79 /* ViewController.h */,
				3B860A79272CE72100478A79 /* ViewController.m */,
				3B860A7B272CE72100478A79 /* Main.storyboard */,
				3B860A7E272CE72300478A79 /* Assets.xcassets */,
				3B860A80272CE72300478A79 /* LaunchScreen.storyboard */,
				3B860A83272CE72300478A79 /* Info.plist */,
				3B860A84272CE72300478A79 /* main.m */,
			);
			path = "Socket创建";
			sourceTree = "<group>";
		};
		3B860A8E272CFE4000478A79 /* 模拟聊天 */ = {
			isa = PBXGroup;
			children = (
				3B860A8F272CFE4000478A79 /* AppDelegate.h */,
				3B860A90272CFE4000478A79 /* AppDelegate.m */,
				3B860A92272CFE4000478A79 /* SceneDelegate.h */,
				3B860A93272CFE4000478A79 /* SceneDelegate.m */,
				3B860A95272CFE4000478A79 /* ViewController.h */,
				3B860A96272CFE4000478A79 /* ViewController.m */,
				3B860A98272CFE4000478A79 /* Main.storyboard */,
				3B860A9B272CFE4300478A79 /* Assets.xcassets */,
				3B860A9D272CFE4300478A79 /* LaunchScreen.storyboard */,
				3B860AA0272CFE4300478A79 /* Info.plist */,
				3B860AA1272CFE4300478A79 /* main.m */,
			);
			path = "模拟聊天";
			sourceTree = "<group>";
		};
		3B860AAB272D5C7800478A79 /* socket请求百度 */ = {
			isa = PBXGroup;
			children = (
				3B860AAC272D5C7800478A79 /* AppDelegate.h */,
				3B860AAD272D5C7800478A79 /* AppDelegate.m */,
				3B860AAF272D5C7800478A79 /* SceneDelegate.h */,
				3B860AB0272D5C7800478A79 /* SceneDelegate.m */,
				3B860AB2272D5C7800478A79 /* ViewController.h */,
				3B860AB3272D5C7800478A79 /* ViewController.m */,
				3B860AB5272D5C7800478A79 /* Main.storyboard */,
				3B860AB8272D5C7B00478A79 /* Assets.xcassets */,
				3B860ABA272D5C7B00478A79 /* LaunchScreen.storyboard */,
				3B860ABD272D5C7B00478A79 /* Info.plist */,
				3B860ABE272D5C7B00478A79 /* main.m */,
			);
			path = "socket请求百度";
			sourceTree = "<group>";
		};
/* End PBXGroup section */

/* Begin PBXNativeTarget section */
		3B860A6F272CE72100478A79 /* Socket创建 */ = {
			isa = PBXNativeTarget;
			buildConfigurationList = 3B860A86272CE72300478A79 /* Build configuration list for PBXNativeTarget "Socket创建" */;
			buildPhases = (
				3B860A6C272CE72100478A79 /* Sources */,
				3B860A6D272CE72100478A79 /* Frameworks */,
				3B860A6E272CE72100478A79 /* Resources */,
			);
			buildRules = (
			);
			dependencies = (
			);
			name = "Socket创建";
			productName = "Socket创建";
			productReference = 3B860A70272CE72100478A79 /* Socket创建.app */;
			productType = "com.apple.product-type.application";
		};
		3B860A8C272CFE4000478A79 /* 模拟聊天 */ = {
			isa = PBXNativeTarget;
			buildConfigurationList = 3B860AA3272CFE4300478A79 /* Build configuration list for PBXNativeTarget "模拟聊天" */;
			buildPhases = (
				3B860A89272CFE4000478A79 /* Sources */,
				3B860A8A272CFE4000478A79 /* Frameworks */,
				3B860A8B272CFE4000478A79 /* Resources */,
			);
			buildRules = (
			);
			dependencies = (
			);
			name = "模拟聊天";
			productName = "模拟聊天";
			productReference = 3B860A8D272CFE4000478A79 /* 模拟聊天.app */;
			productType = "com.apple.product-type.application";
		};
		3B860AA9272D5C7800478A79 /* socket请求百度 */ = {
			isa = PBXNativeTarget;
			buildConfigurationList = 3B860AC0272D5C7B00478A79 /* Build configuration list for PBXNativeTarget "socket请求百度" */;
			buildPhases = (
				3B860AA6272D5C7800478A79 /* Sources */,
				3B860AA7272D5C7800478A79 /* Frameworks */,
				3B860AA8272D5C7800478A79 /* Resources */,
			);
			buildRules = (
			);
			dependencies = (
			);
			name = "socket请求百度";
			productName = "socket请求百度";
			productReference = 3B860AAA272D5C7800478A79 /* socket请求百度.app */;
			productType = "com.apple.product-type.application";
		};
/* End PBXNativeTarget section */

/* Begin PBXProject section */
		3B860A2A272BDD9A00478A79 /* Project object */ = {
			isa = PBXProject;
			attributes = {
				BuildIndependentTargetsInParallel = 1;
				LastUpgradeCheck = 1300;
				TargetAttributes = {
					3B860A6F272CE72100478A79 = {
						CreatedOnToolsVersion = 13.0;
					};
					3B860A8C272CFE4000478A79 = {
						CreatedOnToolsVersion = 13.0;
					};
					3B860AA9272D5C7800478A79 = {
						CreatedOnToolsVersion = 13.0;
					};
				};
			};
			buildConfigurationList = 3B860A2D272BDD9A00478A79 /* Build configuration list for PBXProject "day1" */;
			compatibilityVersion = "Xcode 13.0";
			developmentRegion = en;
			hasScannedForEncodings = 0;
			knownRegions = (
				en,
				Base,
			);
			mainGroup = 3B860A29272BDD9A00478A79;
			productRefGroup = 3B860A33272BDD9A00478A79 /* Products */;
			projectDirPath = "";
			projectRoot = "";
			targets = (
				3B860A6F272CE72100478A79 /* Socket创建 */,
				3B860A8C272CFE4000478A79 /* 模拟聊天 */,
				3B860AA9272D5C7800478A79 /* socket请求百度 */,
			);
		};
/* End PBXProject section */

/* Begin PBXResourcesBuildPhase section */
		3B860A6E272CE72100478A79 /* Resources */ = {
			isa = PBXResourcesBuildPhase;
			buildActionMask = 2147483647;
			files = (
				3B860A82272CE72300478A79 /* LaunchScreen.storyboard in Resources */,
				3B860A7F272CE72300478A79 /* Assets.xcassets in Resources */,
				3B860A7D272CE72100478A79 /* Main.storyboard in Resources */,
			);
			runOnlyForDeploymentPostprocessing = 0;
		};
		3B860A8B272CFE4000478A79 /* Resources */ = {
			isa = PBXResourcesBuildPhase;
			buildActionMask = 2147483647;
			files = (
				3B860A9F272CFE4300478A79 /* LaunchScreen.storyboard in Resources */,
				3B860A9C272CFE4300478A79 /* Assets.xcassets in Resources */,
				3B860A9A272CFE4000478A79 /* Main.storyboard in Resources */,
			);
			runOnlyForDeploymentPostprocessing = 0;
		};
		3B860AA8272D5C7800478A79 /* Resources */ = {
			isa = PBXResourcesBuildPhase;
			buildActionMask = 2147483647;
			files = (
				3B860ABC272D5C7B00478A79 /* LaunchScreen.storyboard in Resources */,
				3B860AB9272D5C7B00478A79 /* Assets.xcassets in Resources */,
				3B860AB7272D5C7800478A79 /* Main.storyboard in Resources */,
			);
			runOnlyForDeploymentPostprocessing = 0;
		};
/* End PBXResourcesBuildPhase section */

/* Begin PBXSourcesBuildPhase section */
		3B860A6C272CE72100478A79 /* Sources */ = {
			isa = PBXSourcesBuildPhase;
			buildActionMask = 2147483647;
			files = (
				3B860A7A272CE72100478A79 /* ViewController.m in Sources */,
				3B860A74272CE72100478A79 /* AppDelegate.m in Sources */,
				3B860A85272CE72300478A79 /* main.m in Sources */,
				3B860A77272CE72100478A79 /* SceneDelegate.m in Sources */,
			);
			runOnlyForDeploymentPostprocessing = 0;
		};
		3B860A89272CFE4000478A79 /* Sources */ = {
			isa = PBXSourcesBuildPhase;
			buildActionMask = 2147483647;
			files = (
				3B860A97272CFE4000478A79 /* ViewController.m in Sources */,
				3B860A91272CFE4000478A79 /* AppDelegate.m in Sources */,
				3B860AA2272CFE4300478A79 /* main.m in Sources */,
				3B860A94272CFE4000478A79 /* SceneDelegate.m in Sources */,
			);
			runOnlyForDeploymentPostprocessing = 0;
		};
		3B860AA6272D5C7800478A79 /* Sources */ = {
			isa = PBXSourcesBuildPhase;
			buildActionMask = 2147483647;
			files = (
				3B860AB4272D5C7800478A79 /* ViewController.m in Sources */,
				3B860AAE272D5C7800478A79 /* AppDelegate.m in Sources */,
				3B860ABF272D5C7B00478A79 /* main.m in Sources */,
				3B860AB1272D5C7800478A79 /* SceneDelegate.m in Sources */,
			);
			runOnlyForDeploymentPostprocessing = 0;
		};
/* End PBXSourcesBuildPhase section */

/* Begin PBXVariantGroup section */
		3B860A7B272CE72100478A79 /* Main.storyboard */ = {
			isa = PBXVariantGroup;
			children = (
				3B860A7C272CE72100478A79 /* Base */,
			);
			name = Main.storyboard;
			sourceTree = "<group>";
		};
		3B860A80272CE72300478A79 /* LaunchScreen.storyboard */ = {
			isa = PBXVariantGroup;
			children = (
				3B860A81272CE72300478A79 /* Base */,
			);
			name = LaunchScreen.storyboard;
			sourceTree = "<group>";
		};
		3B860A98272CFE4000478A79 /* Main.storyboard */ = {
			isa = PBXVariantGroup;
			children = (
				3B860A99272CFE4000478A79 /* Base */,
			);
			name = Main.storyboard;
			sourceTree = "<group>";
		};
		3B860A9D272CFE4300478A79 /* LaunchScreen.storyboard */ = {
			isa = PBXVariantGroup;
			children = (
				3B860A9E272CFE4300478A79 /* Base */,
			);
			name = LaunchScreen.storyboard;
			sourceTree = "<group>";
		};
		3B860AB5272D5C7800478A79 /* Main.storyboard */ = {
			isa = PBXVariantGroup;
			children = (
				3B860AB6272D5C7800478A79 /* Base */,
			);
			name = Main.storyboard;
			sourceTree = "<group>";
		};
		3B860ABA272D5C7B00478A79 /* LaunchScreen.storyboard */ = {
			isa = PBXVariantGroup;
			children = (
				3B860ABB272D5C7B00478A79 /* Base */,
			);
			name = LaunchScreen.storyboard;
			sourceTree = "<group>";
		};
/* End PBXVariantGroup section */

/* Begin XCBuildConfiguration section */
		3B860A49272BDD9C00478A79 /* Debug */ = {
			isa = XCBuildConfiguration;
			buildSettings = {
				ALWAYS_SEARCH_USER_PATHS = NO;
				CLANG_ANALYZER_NONNULL = YES;
				CLANG_ANALYZER_NUMBER_OBJECT_CONVERSION = YES_AGGRESSIVE;
				CLANG_CXX_LANGUAGE_STANDARD = "gnu++17";
				CLANG_CXX_LIBRARY = "libc++";
				CLANG_ENABLE_MODULES = YES;
				CLANG_ENABLE_OBJC_ARC = YES;
				CLANG_ENABLE_OBJC_WEAK = YES;
				CLANG_WARN_BLOCK_CAPTURE_AUTORELEASING = YES;
				CLANG_WARN_BOOL_CONVERSION = YES;
				CLANG_WARN_COMMA = YES;
				CLANG_WARN_CONSTANT_CONVERSION = YES;
				CLANG_WARN_DEPRECATED_OBJC_IMPLEMENTATIONS = YES;
				CLANG_WARN_DIRECT_OBJC_ISA_USAGE = YES_ERROR;
				CLANG_WARN_DOCUMENTATION_COMMENTS = YES;
				CLANG_WARN_EMPTY_BODY = YES;
				CLANG_WARN_ENUM_CONVERSION = YES;
				CLANG_WARN_INFINITE_RECURSION = YES;
				CLANG_WARN_INT_CONVERSION = YES;
				CLANG_WARN_NON_LITERAL_NULL_CONVERSION = YES;
				CLANG_WARN_OBJC_IMPLICIT_RETAIN_SELF = YES;
				CLANG_WARN_OBJC_LITERAL_CONVERSION = YES;
				CLANG_WARN_OBJC_ROOT_CLASS = YES_ERROR;
				CLANG_WARN_QUOTED_INCLUDE_IN_FRAMEWORK_HEADER = YES;
				CLANG_WARN_RANGE_LOOP_ANALYSIS = YES;
				CLANG_WARN_STRICT_PROTOTYPES = YES;
				CLANG_WARN_SUSPICIOUS_MOVE = YES;
				CLANG_WARN_UNGUARDED_AVAILABILITY = YES_AGGRESSIVE;
				CLANG_WARN_UNREACHABLE_CODE = YES;
				CLANG_WARN__DUPLICATE_METHOD_MATCH = YES;
				COPY_PHASE_STRIP = NO;
				DEBUG_INFORMATION_FORMAT = dwarf;
				ENABLE_STRICT_OBJC_MSGSEND = YES;
				ENABLE_TESTABILITY = YES;
				GCC_C_LANGUAGE_STANDARD = gnu11;
				GCC_DYNAMIC_NO_PIC = NO;
				GCC_NO_COMMON_BLOCKS = YES;
				GCC_OPTIMIZATION_LEVEL = 0;
				GCC_PREPROCESSOR_DEFINITIONS = (
					"DEBUG=1",
					"$(inherited)",
				);
				GCC_WARN_64_TO_32_BIT_CONVERSION = YES;
				GCC_WARN_ABOUT_RETURN_TYPE = YES_ERROR;
				GCC_WARN_UNDECLARED_SELECTOR = YES;
				GCC_WARN_UNINITIALIZED_AUTOS = YES_AGGRESSIVE;
				GCC_WARN_UNUSED_FUNCTION = YES;
				GCC_WARN_UNUSED_VARIABLE = YES;
				IPHONEOS_DEPLOYMENT_TARGET = 15.0;
				MTL_ENABLE_DEBUG_INFO = INCLUDE_SOURCE;
				MTL_FAST_MATH = YES;
				ONLY_ACTIVE_ARCH = YES;
				SDKROOT = iphoneos;
			};
			name = Debug;
		};
		3B860A4A272BDD9C00478A79 /* Release */ = {
			isa = XCBuildConfiguration;
			buildSettings = {
				ALWAYS_SEARCH_USER_PATHS = NO;
				CLANG_ANALYZER_NONNULL = YES;
				CLANG_ANALYZER_NUMBER_OBJECT_CONVERSION = YES_AGGRESSIVE;
				CLANG_CXX_LANGUAGE_STANDARD = "gnu++17";
				CLANG_CXX_LIBRARY = "libc++";
				CLANG_ENABLE_MODULES = YES;
				CLANG_ENABLE_OBJC_ARC = YES;
				CLANG_ENABLE_OBJC_WEAK = YES;
				CLANG_WARN_BLOCK_CAPTURE_AUTORELEASING = YES;
				CLANG_WARN_BOOL_CONVERSION = YES;
				CLANG_WARN_COMMA = YES;
				CLANG_WARN_CONSTANT_CONVERSION = YES;
				CLANG_WARN_DEPRECATED_OBJC_IMPLEMENTATIONS = YES;
				CLANG_WARN_DIRECT_OBJC_ISA_USAGE = YES_ERROR;
				CLANG_WARN_DOCUMENTATION_COMMENTS = YES;
				CLANG_WARN_EMPTY_BODY = YES;
				CLANG_WARN_ENUM_CONVERSION = YES;
				CLANG_WARN_INFINITE_RECURSION = YES;
				CLANG_WARN_INT_CONVERSION = YES;
				CLANG_WARN_NON_LITERAL_NULL_CONVERSION = YES;
				CLANG_WARN_OBJC_IMPLICIT_RETAIN_SELF = YES;
				CLANG_WARN_OBJC_LITERAL_CONVERSION = YES;
				CLANG_WARN_OBJC_ROOT_CLASS = YES_ERROR;
				CLANG_WARN_QUOTED_INCLUDE_IN_FRAMEWORK_HEADER = YES;
				CLANG_WARN_RANGE_LOOP_ANALYSIS = YES;
				CLANG_WARN_STRICT_PROTOTYPES = YES;
				CLANG_WARN_SUSPICIOUS_MOVE = YES;
				CLANG_WARN_UNGUARDED_AVAILABILITY = YES_AGGRESSIVE;
				CLANG_WARN_UNREACHABLE_CODE = YES;
				CLANG_WARN__DUPLICATE_METHOD_MATCH = YES;
				COPY_PHASE_STRIP = NO;
				DEBUG_INFORMATION_FORMAT = "dwarf-with-dsym";
				ENABLE_NS_ASSERTIONS = NO;
				ENABLE_STRICT_OBJC_MSGSEND = YES;
				GCC_C_LANGUAGE_STANDARD = gnu11;
				GCC_NO_COMMON_BLOCKS = YES;
				GCC_WARN_64_TO_32_BIT_CONVERSION = YES;
				GCC_WARN_ABOUT_RETURN_TYPE = YES_ERROR;
				GCC_WARN_UNDECLARED_SELECTOR = YES;
				GCC_WARN_UNINITIALIZED_AUTOS = YES_AGGRESSIVE;
				GCC_WARN_UNUSED_FUNCTION = YES;
				GCC_WARN_UNUSED_VARIABLE = YES;
				IPHONEOS_DEPLOYMENT_TARGET = 15.0;
				MTL_ENABLE_DEBUG_INFO = NO;
				MTL_FAST_MATH = YES;
				SDKROOT = iphoneos;
				VALIDATE_PRODUCT = YES;
			};
			name = Release;
		};
		3B860A87272CE72300478A79 /* Debug */ = {
			isa = XCBuildConfiguration;
			buildSettings = {
				ASSETCATALOG_COMPILER_APPICON_NAME = AppIcon;
				ASSETCATALOG_COMPILER_GLOBAL_ACCENT_COLOR_NAME = AccentColor;
				CODE_SIGN_STYLE = Automatic;
				CURRENT_PROJECT_VERSION = 1;
				DEVELOPMENT_TEAM = L6839A4KRP;
				GENERATE_INFOPLIST_FILE = YES;
				INFOPLIST_FILE = "Socket创建/Info.plist";
				INFOPLIST_KEY_UIApplicationSupportsIndirectInputEvents = YES;
				INFOPLIST_KEY_UILaunchStoryboardName = LaunchScreen;
				INFOPLIST_KEY_UIMainStoryboardFile = Main;
				INFOPLIST_KEY_UISupportedInterfaceOrientations_iPad = "UIInterfaceOrientationPortrait UIInterfaceOrientationPortraitUpsideDown UIInterfaceOrientationLandscapeLeft UIInterfaceOrientationLandscapeRight";
				INFOPLIST_KEY_UISupportedInterfaceOrientations_iPhone = "UIInterfaceOrientationPortrait UIInterfaceOrientationLandscapeLeft UIInterfaceOrientationLandscapeRight";
				LD_RUNPATH_SEARCH_PATHS = (
					"$(inherited)",
					"@executable_path/Frameworks",
				);
				MARKETING_VERSION = 1.0;
				PRODUCT_BUNDLE_IDENTIFIER = "com.jifengzhiyu-github.www.Socket--";
				PRODUCT_NAME = "$(TARGET_NAME)";
				SWIFT_EMIT_LOC_STRINGS = YES;
				TARGETED_DEVICE_FAMILY = "1,2";
			};
			name = Debug;
		};
		3B860A88272CE72300478A79 /* Release */ = {
			isa = XCBuildConfiguration;
			buildSettings = {
				ASSETCATALOG_COMPILER_APPICON_NAME = AppIcon;
				ASSETCATALOG_COMPILER_GLOBAL_ACCENT_COLOR_NAME = AccentColor;
				CODE_SIGN_STYLE = Automatic;
				CURRENT_PROJECT_VERSION = 1;
				DEVELOPMENT_TEAM = L6839A4KRP;
				GENERATE_INFOPLIST_FILE = YES;
				INFOPLIST_FILE = "Socket创建/Info.plist";
				INFOPLIST_KEY_UIApplicationSupportsIndirectInputEvents = YES;
				INFOPLIST_KEY_UILaunchStoryboardName = LaunchScreen;
				INFOPLIST_KEY_UIMainStoryboardFile = Main;
				INFOPLIST_KEY_UISupportedInterfaceOrientations_iPad = "UIInterfaceOrientationPortrait UIInterfaceOrientationPortraitUpsideDown UIInterfaceOrientationLandscapeLeft UIInterfaceOrientationLandscapeRight";
				INFOPLIST_KEY_UISupportedInterfaceOrientations_iPhone = "UIInterfaceOrientationPortrait UIInterfaceOrientationLandscapeLeft UIInterfaceOrientationLandscapeRight";
				LD_RUNPATH_SEARCH_PATHS = (
					"$(inherited)",
					"@executable_path/Frameworks",
				);
				MARKETING_VERSION = 1.0;
				PRODUCT_BUNDLE_IDENTIFIER = "com.jifengzhiyu-github.www.Socket--";
				PRODUCT_NAME = "$(TARGET_NAME)";
				SWIFT_EMIT_LOC_STRINGS = YES;
				TARGETED_DEVICE_FAMILY = "1,2";
			};
			name = Release;
		};
		3B860AA4272CFE4300478A79 /* Debug */ = {
			isa = XCBuildConfiguration;
			buildSettings = {
				ASSETCATALOG_COMPILER_APPICON_NAME = AppIcon;
				ASSETCATALOG_COMPILER_GLOBAL_ACCENT_COLOR_NAME = AccentColor;
				CODE_SIGN_STYLE = Automatic;
				CURRENT_PROJECT_VERSION = 1;
				DEVELOPMENT_TEAM = L6839A4KRP;
				GENERATE_INFOPLIST_FILE = YES;
				INFOPLIST_FILE = "模拟聊天/Info.plist";
				INFOPLIST_KEY_UIApplicationSupportsIndirectInputEvents = YES;
				INFOPLIST_KEY_UILaunchStoryboardName = LaunchScreen;
				INFOPLIST_KEY_UIMainStoryboardFile = Main;
				INFOPLIST_KEY_UISupportedInterfaceOrientations_iPad = "UIInterfaceOrientationPortrait UIInterfaceOrientationPortraitUpsideDown UIInterfaceOrientationLandscapeLeft UIInterfaceOrientationLandscapeRight";
				INFOPLIST_KEY_UISupportedInterfaceOrientations_iPhone = "UIInterfaceOrientationPortrait UIInterfaceOrientationLandscapeLeft UIInterfaceOrientationLandscapeRight";
				LD_RUNPATH_SEARCH_PATHS = (
					"$(inherited)",
					"@executable_path/Frameworks",
				);
				MARKETING_VERSION = 1.0;
				PRODUCT_BUNDLE_IDENTIFIER = "com.jifengzhiyu-github.www.----";
				PRODUCT_NAME = "$(TARGET_NAME)";
				SWIFT_EMIT_LOC_STRINGS = YES;
				TARGETED_DEVICE_FAMILY = "1,2";
			};
			name = Debug;
		};
		3B860AA5272CFE4300478A79 /* Release */ = {
			isa = XCBuildConfiguration;
			buildSettings = {
				ASSETCATALOG_COMPILER_APPICON_NAME = AppIcon;
				ASSETCATALOG_COMPILER_GLOBAL_ACCENT_COLOR_NAME = AccentColor;
				CODE_SIGN_STYLE = Automatic;
				CURRENT_PROJECT_VERSION = 1;
				DEVELOPMENT_TEAM = L6839A4KRP;
				GENERATE_INFOPLIST_FILE = YES;
				INFOPLIST_FILE = "模拟聊天/Info.plist";
				INFOPLIST_KEY_UIApplicationSupportsIndirectInputEvents = YES;
				INFOPLIST_KEY_UILaunchStoryboardName = LaunchScreen;
				INFOPLIST_KEY_UIMainStoryboardFile = Main;
				INFOPLIST_KEY_UISupportedInterfaceOrientations_iPad = "UIInterfaceOrientationPortrait UIInterfaceOrientationPortraitUpsideDown UIInterfaceOrientationLandscapeLeft UIInterfaceOrientationLandscapeRight";
				INFOPLIST_KEY_UISupportedInterfaceOrientations_iPhone = "UIInterfaceOrientationPortrait UIInterfaceOrientationLandscapeLeft UIInterfaceOrientationLandscapeRight";
				LD_RUNPATH_SEARCH_PATHS = (
					"$(inherited)",
					"@executable_path/Frameworks",
				);
				MARKETING_VERSION = 1.0;
				PRODUCT_BUNDLE_IDENTIFIER = "com.jifengzhiyu-github.www.----";
				PRODUCT_NAME = "$(TARGET_NAME)";
				SWIFT_EMIT_LOC_STRINGS = YES;
				TARGETED_DEVICE_FAMILY = "1,2";
			};
			name = Release;
		};
		3B860AC1272D5C7B00478A79 /* Debug */ = {
			isa = XCBuildConfiguration;
			buildSettings = {
				ASSETCATALOG_COMPILER_APPICON_NAME = AppIcon;
				ASSETCATALOG_COMPILER_GLOBAL_ACCENT_COLOR_NAME = AccentColor;
				CODE_SIGN_STYLE = Automatic;
				CURRENT_PROJECT_VERSION = 1;
				DEVELOPMENT_TEAM = L6839A4KRP;
				GENERATE_INFOPLIST_FILE = YES;
				INFOPLIST_FILE = "socket请求百度/Info.plist";
				INFOPLIST_KEY_UIApplicationSupportsIndirectInputEvents = YES;
				INFOPLIST_KEY_UILaunchStoryboardName = LaunchScreen;
				INFOPLIST_KEY_UIMainStoryboardFile = Main;
				INFOPLIST_KEY_UISupportedInterfaceOrientations_iPad = "UIInterfaceOrientationPortrait UIInterfaceOrientationPortraitUpsideDown UIInterfaceOrientationLandscapeLeft UIInterfaceOrientationLandscapeRight";
				INFOPLIST_KEY_UISupportedInterfaceOrientations_iPhone = "UIInterfaceOrientationPortrait UIInterfaceOrientationLandscapeLeft UIInterfaceOrientationLandscapeRight";
				LD_RUNPATH_SEARCH_PATHS = (
					"$(inherited)",
					"@executable_path/Frameworks",
				);
				MARKETING_VERSION = 1.0;
				PRODUCT_BUNDLE_IDENTIFIER = "com.jifengzhiyu-github.www.socket----";
				PRODUCT_NAME = "$(TARGET_NAME)";
				SWIFT_EMIT_LOC_STRINGS = YES;
				TARGETED_DEVICE_FAMILY = "1,2";
			};
			name = Debug;
		};
		3B860AC2272D5C7B00478A79 /* Release */ = {
			isa = XCBuildConfiguration;
			buildSettings = {
				ASSETCATALOG_COMPILER_APPICON_NAME = AppIcon;
				ASSETCATALOG_COMPILER_GLOBAL_ACCENT_COLOR_NAME = AccentColor;
				CODE_SIGN_STYLE = Automatic;
				CURRENT_PROJECT_VERSION = 1;
				DEVELOPMENT_TEAM = L6839A4KRP;
				GENERATE_INFOPLIST_FILE = YES;
				INFOPLIST_FILE = "socket请求百度/Info.plist";
				INFOPLIST_KEY_UIApplicationSupportsIndirectInputEvents = YES;
				INFOPLIST_KEY_UILaunchStoryboardName = LaunchScreen;
				INFOPLIST_KEY_UIMainStoryboardFile = Main;
				INFOPLIST_KEY_UISupportedInterfaceOrientations_iPad = "UIInterfaceOrientationPortrait UIInterfaceOrientationPortraitUpsideDown UIInterfaceOrientationLandscapeLeft UIInterfaceOrientationLandscapeRight";
				INFOPLIST_KEY_UISupportedInterfaceOrientations_iPhone = "UIInterfaceOrientationPortrait UIInterfaceOrientationLandscapeLeft UIInterfaceOrientationLandscapeRight";
				LD_RUNPATH_SEARCH_PATHS = (
					"$(inherited)",
					"@executable_path/Frameworks",
				);
				MARKETING_VERSION = 1.0;
				PRODUCT_BUNDLE_IDENTIFIER = "com.jifengzhiyu-github.www.socket----";
				PRODUCT_NAME = "$(TARGET_NAME)";
				SWIFT_EMIT_LOC_STRINGS = YES;
				TARGETED_DEVICE_FAMILY = "1,2";
			};
			name = Release;
		};
/* End XCBuildConfiguration section */

/* Begin XCConfigurationList section */
		3B860A2D272BDD9A00478A79 /* Build configuration list for PBXProject "day1" */ = {
			isa = XCConfigurationList;
			buildConfigurations = (
				3B860A49272BDD9C00478A79 /* Debug */,
				3B860A4A272BDD9C00478A79 /* Release */,
			);
			defaultConfigurationIsVisible = 0;
			defaultConfigurationName = Release;
		};
		3B860A86272CE72300478A79 /* Build configuration list for PBXNativeTarget "Socket创建" */ = {
			isa = XCConfigurationList;
			buildConfigurations = (
				3B860A87272CE72300478A79 /* Debug */,
				3B860A88272CE72300478A79 /* Release */,
			);
			defaultConfigurationIsVisible = 0;
			defaultConfigurationName = Release;
		};
		3B860AA3272CFE4300478A79 /* Build configuration list for PBXNativeTarget "模拟聊天" */ = {
			isa = XCConfigurationList;
			buildConfigurations = (
				3B860AA4272CFE4300478A79 /* Debug */,
				3B860AA5272CFE4300478A79 /* Release */,
			);
			defaultConfigurationIsVisible = 0;
			defaultConfigurationName = Release;
		};
		3B860AC0272D5C7B00478A79 /* Build configuration list for PBXNativeTarget "socket请求百度" */ = {
			isa = XCConfigurationList;
			buildConfigurations = (
				3B860AC1272D5C7B00478A79 /* Debug */,
				3B860AC2272D5C7B00478A79 /* Release */,
			);
			defaultConfigurationIsVisible = 0;
			defaultConfigurationName = Release;
		};
/* End XCConfigurationList section */
	};
	rootObject = 3B860A2A272BDD9A00478A79 /* Project object */;
}
